Microsoft Visual Studio Solution File, Format Version 9.00
# Visual Studio 2005
Project("{F184B08F-C81C-45F6-A57F-5ABD9991F28F}") = "BPClient", "BPClient.vbproj", "{1516A81C-D14B-4192-99A0-3AA5B587EB24}"
EndProject
Global
	GlobalSection(SolutionConfigurationPlatforms) = preSolution
		Debug|Any CPU = Debug|Any CPU
		Release|Any CPU = Release|Any CPU
	EndGlobalSection
	GlobalSection(ProjectConfigurationPlatforms) = postSolution
		{1516A81C-D14B-4192-99A0-3AA5B587EB24}.Debug|Any CPU.ActiveCfg = Debug|Any CPU
		{1516A81C-D14B-4192-99A0-3AA5B587EB24}.Debug|Any CPU.Build.0 = Debug|Any CPU
		{1516A81C-D14B-4192-99A0-3AA5B587EB24}.Release|Any CPU.ActiveCfg = Release|Any CPU
		{1516A81C-D14B-4192-99A0-3AA5B587EB24}.Release|Any CPU.Build.0 = Release|Any CPU
	EndGlobalSection
	GlobalSection(SolutionProperties) = preSolution
		HideSolutionNode = FALSE
	EndGlobalSection
EndGlobal
